
Microsoft Visual Studio Solution File, Format Version 12.00
# Visual Studio Version 16
VisualStudioVersion = 16.0.30517.126
MinimumVisualStudioVersion = 10.0.40219.1
Project("{FAE04EC0-301F-11D3-BF4B-00C04F79EFBC}") = "LinqTask3", "LinqTask3\LinqTask3.csproj", "{B49D6B4F-2B0C-49F1-A3BA-FC0DA78816EE}"
EndProject
Global
	GlobalSection(SolutionConfigurationPlatforms) = preSolution
		Debug|Any CPU = Debug|Any CPU
		Release|Any CPU = Release|Any CPU
	EndGlobalSection
	GlobalSection(ProjectConfigurationPlatforms) = postSolution
		{B49D6B4F-2B0C-49F1-A3BA-FC0DA78816EE}.Debug|Any CPU.ActiveCfg = Debug|Any CPU
		{B49D6B4F-2B0C-49F1-A3BA-FC0DA78816EE}.Debug|Any CPU.Build.0 = Debug|Any CPU
		{B49D6B4F-2B0C-49F1-A3BA-FC0DA78816EE}.Release|Any CPU.ActiveCfg = Release|Any CPU
		{B49D6B4F-2B0C-49F1-A3BA-FC0DA78816EE}.Release|Any CPU.Build.0 = Release|Any CPU
	EndGlobalSection
	GlobalSection(SolutionProperties) = preSolution
		HideSolutionNode = FALSE
	EndGlobalSection
	GlobalSection(ExtensibilityGlobals) = postSolution
		SolutionGuid = {E000E09A-708F-4988-B3CD-A6D0CA418D78}
	EndGlobalSection
EndGlobal
