
Microsoft Visual Studio Solution File, Format Version 12.00
# Visual Studio Version 16
VisualStudioVersion = 16.0.30517.126
MinimumVisualStudioVersion = 10.0.40219.1
Project("{FAE04EC0-301F-11D3-BF4B-00C04F79EFBC}") = "LinqTask4", "LinqTask4\LinqTask4.csproj", "{E8040D9C-24EF-427E-A5CB-9F3BAB845A05}"
EndProject
Global
	GlobalSection(SolutionConfigurationPlatforms) = preSolution
		Debug|Any CPU = Debug|Any CPU
		Release|Any CPU = Release|Any CPU
	EndGlobalSection
	GlobalSection(ProjectConfigurationPlatforms) = postSolution
		{E8040D9C-24EF-427E-A5CB-9F3BAB845A05}.Debug|Any CPU.ActiveCfg = Debug|Any CPU
		{E8040D9C-24EF-427E-A5CB-9F3BAB845A05}.Debug|Any CPU.Build.0 = Debug|Any CPU
		{E8040D9C-24EF-427E-A5CB-9F3BAB845A05}.Release|Any CPU.ActiveCfg = Release|Any CPU
		{E8040D9C-24EF-427E-A5CB-9F3BAB845A05}.Release|Any CPU.Build.0 = Release|Any CPU
	EndGlobalSection
	GlobalSection(SolutionProperties) = preSolution
		HideSolutionNode = FALSE
	EndGlobalSection
	GlobalSection(ExtensibilityGlobals) = postSolution
		SolutionGuid = {67B64C10-0D5E-43AC-A37D-9EA555CE8C76}
	EndGlobalSection
EndGlobal
