
Microsoft Visual Studio Solution File, Format Version 12.00
# Visual Studio Version 16
VisualStudioVersion = 16.0.29418.71
MinimumVisualStudioVersion = 10.0.40219.1
Project("{FAE04EC0-301F-11D3-BF4B-00C04F79EFBC}") = "Shapes", "Shapes\Shapes.csproj", "{4FF76711-E292-4252-8FA4-22E6DFAF68EB}"
EndProject
Project("{FAE04EC0-301F-11D3-BF4B-00C04F79EFBC}") = "Drawer", "Drawer\Drawer.csproj", "{E0CEB8FD-6662-47A3-9613-A3F3B3E8E2D8}"
EndProject
Project("{FAE04EC0-301F-11D3-BF4B-00C04F79EFBC}") = "ShapesUnitTests", "ShapesUnitTests\ShapesUnitTests.csproj", "{18CFCEE3-3161-48F7-8182-48C2974F78B2}"
EndProject
Global
	GlobalSection(SolutionConfigurationPlatforms) = preSolution
		Debug|Any CPU = Debug|Any CPU
		Release|Any CPU = Release|Any CPU
	EndGlobalSection
	GlobalSection(ProjectConfigurationPlatforms) = postSolution
		{4FF76711-E292-4252-8FA4-22E6DFAF68EB}.Debug|Any CPU.ActiveCfg = Debug|Any CPU
		{4FF76711-E292-4252-8FA4-22E6DFAF68EB}.Debug|Any CPU.Build.0 = Debug|Any CPU
		{4FF76711-E292-4252-8FA4-22E6DFAF68EB}.Release|Any CPU.ActiveCfg = Release|Any CPU
		{4FF76711-E292-4252-8FA4-22E6DFAF68EB}.Release|Any CPU.Build.0 = Release|Any CPU
		{E0CEB8FD-6662-47A3-9613-A3F3B3E8E2D8}.Debug|Any CPU.ActiveCfg = Debug|Any CPU
		{E0CEB8FD-6662-47A3-9613-A3F3B3E8E2D8}.Debug|Any CPU.Build.0 = Debug|Any CPU
		{E0CEB8FD-6662-47A3-9613-A3F3B3E8E2D8}.Release|Any CPU.ActiveCfg = Release|Any CPU
		{E0CEB8FD-6662-47A3-9613-A3F3B3E8E2D8}.Release|Any CPU.Build.0 = Release|Any CPU
		{18CFCEE3-3161-48F7-8182-48C2974F78B2}.Debug|Any CPU.ActiveCfg = Debug|Any CPU
		{18CFCEE3-3161-48F7-8182-48C2974F78B2}.Debug|Any CPU.Build.0 = Debug|Any CPU
		{18CFCEE3-3161-48F7-8182-48C2974F78B2}.Release|Any CPU.ActiveCfg = Release|Any CPU
		{18CFCEE3-3161-48F7-8182-48C2974F78B2}.Release|Any CPU.Build.0 = Release|Any CPU
	EndGlobalSection
	GlobalSection(SolutionProperties) = preSolution
		HideSolutionNode = FALSE
	EndGlobalSection
	GlobalSection(ExtensibilityGlobals) = postSolution
		SolutionGuid = {A00467F4-D5D6-4028-8A06-2DF795BDEE0E}
	EndGlobalSection
EndGlobal
